
Microsoft Visual Studio Solution File, Format Version 12.00
# Visual Studio 2013
VisualStudioVersion = 12.0.31101.0
MinimumVisualStudioVersion = 10.0.40219.1
Project("{2150E333-8FDC-42A3-9474-1A3956D46DE8}") = "Common", "Common", "{28D02C3E-7794-4169-B06E-EFE07FD9275A}"
EndProject
Project("{2150E333-8FDC-42A3-9474-1A3956D46DE8}") = "Arduino", "Arduino", "{4074B05B-67DB-4FE3-841A-25CD52186D7D}"
EndProject
Project("{2150E333-8FDC-42A3-9474-1A3956D46DE8}") = "Test", "Test", "{5BEA6330-D6FA-45B6-8EEE-69E2C15F6B81}"
EndProject
Project("{2150E333-8FDC-42A3-9474-1A3956D46DE8}") = "Unit", "Unit", "{BC9F042D-001F-4FEA-AEF1-35FD37A8BB1F}"
EndProject
Project("{FAE04EC0-301F-11D3-BF4B-00C04F79EFBC}") = "Knight.Common", "Common\Knight.Common\Knight.Common.csproj", "{FB0CD193-7B93-4232-A9D6-361E0C1568F5}"
EndProject
Project("{FAE04EC0-301F-11D3-BF4B-00C04F79EFBC}") = "Knight.Common.Controls.Wpf", "Common\Knight.Common.Controls.Wpf\Knight.Common.Controls.Wpf.csproj", "{AB822566-B445-4806-B5DA-2981458299A8}"
EndProject
Project("{FAE04EC0-301F-11D3-BF4B-00C04F79EFBC}") = "Knight.Common.Resources", "Common\Knight.Common.Resources\Knight.Common.Resources.csproj", "{56FC1BD4-1A5D-495F-ABEE-A64FB3F1060C}"
EndProject
Project("{FAE04EC0-301F-11D3-BF4B-00C04F79EFBC}") = "Knight.Common.Test", "Test\Unit\Common\Knight.Common.Test\Knight.Common.Test.csproj", "{2A48D074-999A-4775-848A-B0049EC65F6F}"
EndProject
Project("{2150E333-8FDC-42A3-9474-1A3956D46DE8}") = "Common", "Common", "{959AF3B0-7264-4B73-B7B2-D87A9EE98866}"
EndProject
Project("{FAE04EC0-301F-11D3-BF4B-00C04F79EFBC}") = "Knight.Common.Resources.Test", "Test\Unit\Common\Knight.Common.Resources.Test\Knight.Common.Resources.Test.csproj", "{8F7C02FC-641B-494B-9ECA-87E8B6C3BCD8}"
EndProject
Project("{FAE04EC0-301F-11D3-BF4B-00C04F79EFBC}") = "Knight.Common.Controls.Wpf.Test", "Test\Unit\Common\Knight.Common.Controls.Wpf.Test\Knight.Common.Controls.Wpf.Test.csproj", "{D36B2CB4-049D-4459-9696-54338DB6895C}"
EndProject
Project("{FAE04EC0-301F-11D3-BF4B-00C04F79EFBC}") = "Knight.Arduino.Ethernet.CommandClient", "Arduino\Knight.Arduino.Ethernet.CommandClient\Knight.Arduino.Ethernet.CommandClient.csproj", "{2C3BA13F-280F-4A96-B81B-8DC7E000A53B}"
EndProject
Global
	GlobalSection(SolutionConfigurationPlatforms) = preSolution
		Debug|x86 = Debug|x86
		Release|x86 = Release|x86
	EndGlobalSection
	GlobalSection(ProjectConfigurationPlatforms) = postSolution
		{FB0CD193-7B93-4232-A9D6-361E0C1568F5}.Debug|x86.ActiveCfg = Debug|x86
		{FB0CD193-7B93-4232-A9D6-361E0C1568F5}.Debug|x86.Build.0 = Debug|x86
		{FB0CD193-7B93-4232-A9D6-361E0C1568F5}.Release|x86.ActiveCfg = Release|x86
		{FB0CD193-7B93-4232-A9D6-361E0C1568F5}.Release|x86.Build.0 = Release|x86
		{AB822566-B445-4806-B5DA-2981458299A8}.Debug|x86.ActiveCfg = Debug|x86
		{AB822566-B445-4806-B5DA-2981458299A8}.Debug|x86.Build.0 = Debug|x86
		{AB822566-B445-4806-B5DA-2981458299A8}.Release|x86.ActiveCfg = Release|x86
		{AB822566-B445-4806-B5DA-2981458299A8}.Release|x86.Build.0 = Release|x86
		{56FC1BD4-1A5D-495F-ABEE-A64FB3F1060C}.Debug|x86.ActiveCfg = Debug|x86
		{56FC1BD4-1A5D-495F-ABEE-A64FB3F1060C}.Debug|x86.Build.0 = Debug|x86
		{56FC1BD4-1A5D-495F-ABEE-A64FB3F1060C}.Release|x86.ActiveCfg = Release|x86
		{56FC1BD4-1A5D-495F-ABEE-A64FB3F1060C}.Release|x86.Build.0 = Release|x86
		{2A48D074-999A-4775-848A-B0049EC65F6F}.Debug|x86.ActiveCfg = Debug|x86
		{2A48D074-999A-4775-848A-B0049EC65F6F}.Debug|x86.Build.0 = Debug|x86
		{2A48D074-999A-4775-848A-B0049EC65F6F}.Release|x86.ActiveCfg = Release|x86
		{2A48D074-999A-4775-848A-B0049EC65F6F}.Release|x86.Build.0 = Release|x86
		{8F7C02FC-641B-494B-9ECA-87E8B6C3BCD8}.Debug|x86.ActiveCfg = Debug|x86
		{8F7C02FC-641B-494B-9ECA-87E8B6C3BCD8}.Debug|x86.Build.0 = Debug|x86
		{8F7C02FC-641B-494B-9ECA-87E8B6C3BCD8}.Release|x86.ActiveCfg = Release|x86
		{8F7C02FC-641B-494B-9ECA-87E8B6C3BCD8}.Release|x86.Build.0 = Release|x86
		{D36B2CB4-049D-4459-9696-54338DB6895C}.Debug|x86.ActiveCfg = Debug|x86
		{D36B2CB4-049D-4459-9696-54338DB6895C}.Debug|x86.Build.0 = Debug|x86
		{D36B2CB4-049D-4459-9696-54338DB6895C}.Release|x86.ActiveCfg = Release|x86
		{D36B2CB4-049D-4459-9696-54338DB6895C}.Release|x86.Build.0 = Release|x86
		{2C3BA13F-280F-4A96-B81B-8DC7E000A53B}.Debug|x86.ActiveCfg = Debug|x86
		{2C3BA13F-280F-4A96-B81B-8DC7E000A53B}.Debug|x86.Build.0 = Debug|x86
		{2C3BA13F-280F-4A96-B81B-8DC7E000A53B}.Release|x86.ActiveCfg = Release|x86
		{2C3BA13F-280F-4A96-B81B-8DC7E000A53B}.Release|x86.Build.0 = Release|x86
	EndGlobalSection
	GlobalSection(SolutionProperties) = preSolution
		HideSolutionNode = FALSE
	EndGlobalSection
	GlobalSection(NestedProjects) = preSolution
		{BC9F042D-001F-4FEA-AEF1-35FD37A8BB1F} = {5BEA6330-D6FA-45B6-8EEE-69E2C15F6B81}
		{FB0CD193-7B93-4232-A9D6-361E0C1568F5} = {28D02C3E-7794-4169-B06E-EFE07FD9275A}
		{AB822566-B445-4806-B5DA-2981458299A8} = {28D02C3E-7794-4169-B06E-EFE07FD9275A}
		{56FC1BD4-1A5D-495F-ABEE-A64FB3F1060C} = {28D02C3E-7794-4169-B06E-EFE07FD9275A}
		{2A48D074-999A-4775-848A-B0049EC65F6F} = {959AF3B0-7264-4B73-B7B2-D87A9EE98866}
		{959AF3B0-7264-4B73-B7B2-D87A9EE98866} = {BC9F042D-001F-4FEA-AEF1-35FD37A8BB1F}
		{8F7C02FC-641B-494B-9ECA-87E8B6C3BCD8} = {959AF3B0-7264-4B73-B7B2-D87A9EE98866}
		{D36B2CB4-049D-4459-9696-54338DB6895C} = {959AF3B0-7264-4B73-B7B2-D87A9EE98866}
		{2C3BA13F-280F-4A96-B81B-8DC7E000A53B} = {4074B05B-67DB-4FE3-841A-25CD52186D7D}
	EndGlobalSection
EndGlobal
