
Microsoft Visual Studio Solution File, Format Version 12.00
# Visual Studio 2012
Project("{FAE04EC0-301F-11D3-BF4B-00C04F79EFBC}") = "Knight.Common", "Knight.Common\Knight.Common.csproj", "{48D9463E-65C7-4F3F-BFEC-3AA0F8F104E3}"
EndProject
Project("{FAE04EC0-301F-11D3-BF4B-00C04F79EFBC}") = "Knight.Common.Controls.Wpf", "Knight.Common.Controls.Wpf\Knight.Common.Controls.Wpf.csproj", "{E2B721F4-10C7-49D3-9034-0CDEB5E37169}"
EndProject
Project("{FAE04EC0-301F-11D3-BF4B-00C04F79EFBC}") = "Knight.Common.Resources", "Knight.Common.Resources\Knight.Common.Resources.csproj", "{4C795E90-D6F2-4361-BC7A-A4052CC5A86E}"
EndProject
Project("{2150E333-8FDC-42A3-9474-1A3956D46DE8}") = "Test", "Test", "{28AA9797-408E-4ED4-A82A-FD36368BF6D5}"
EndProject
Project("{FAE04EC0-301F-11D3-BF4B-00C04F79EFBC}") = "Knight.Common.Test", "..\Test\Unit\Common\Knight.Common.Test\Knight.Common.Test.csproj", "{2A48D074-999A-4775-848A-B0049EC65F6F}"
EndProject
Project("{FAE04EC0-301F-11D3-BF4B-00C04F79EFBC}") = "Knight.Common.Resources.Test", "..\Test\Unit\Common\Knight.Common.Resources.Test\Knight.Common.Resources.Test.csproj", "{8F7C02FC-641B-494B-9ECA-87E8B6C3BCD8}"
EndProject
Project("{FAE04EC0-301F-11D3-BF4B-00C04F79EFBC}") = "Knight.Common.Controls.Wpf.Test", "..\Test\Unit\Common\Knight.Common.Controls.Wpf.Test\Knight.Common.Controls.Wpf.Test.csproj", "{D36B2CB4-049D-4459-9696-54338DB6895C}"
EndProject
Global
	GlobalSection(SolutionConfigurationPlatforms) = preSolution
		Debug|Any CPU = Debug|Any CPU
		Debug|x86 = Debug|x86
		Release|Any CPU = Release|Any CPU
		Release|x86 = Release|x86
	EndGlobalSection
	GlobalSection(ProjectConfigurationPlatforms) = postSolution
		{48D9463E-65C7-4F3F-BFEC-3AA0F8F104E3}.Debug|Any CPU.ActiveCfg = Debug|x86
		{48D9463E-65C7-4F3F-BFEC-3AA0F8F104E3}.Debug|x86.ActiveCfg = Debug|x86
		{48D9463E-65C7-4F3F-BFEC-3AA0F8F104E3}.Debug|x86.Build.0 = Debug|x86
		{48D9463E-65C7-4F3F-BFEC-3AA0F8F104E3}.Release|Any CPU.ActiveCfg = Release|x86
		{48D9463E-65C7-4F3F-BFEC-3AA0F8F104E3}.Release|x86.ActiveCfg = Release|x86
		{48D9463E-65C7-4F3F-BFEC-3AA0F8F104E3}.Release|x86.Build.0 = Release|x86
		{E2B721F4-10C7-49D3-9034-0CDEB5E37169}.Debug|Any CPU.ActiveCfg = Debug|x86
		{E2B721F4-10C7-49D3-9034-0CDEB5E37169}.Debug|x86.ActiveCfg = Debug|x86
		{E2B721F4-10C7-49D3-9034-0CDEB5E37169}.Debug|x86.Build.0 = Debug|x86
		{E2B721F4-10C7-49D3-9034-0CDEB5E37169}.Release|Any CPU.ActiveCfg = Release|x86
		{E2B721F4-10C7-49D3-9034-0CDEB5E37169}.Release|x86.ActiveCfg = Release|x86
		{E2B721F4-10C7-49D3-9034-0CDEB5E37169}.Release|x86.Build.0 = Release|x86
		{4C795E90-D6F2-4361-BC7A-A4052CC5A86E}.Debug|Any CPU.ActiveCfg = Debug|x86
		{4C795E90-D6F2-4361-BC7A-A4052CC5A86E}.Debug|x86.ActiveCfg = Debug|x86
		{4C795E90-D6F2-4361-BC7A-A4052CC5A86E}.Debug|x86.Build.0 = Debug|x86
		{4C795E90-D6F2-4361-BC7A-A4052CC5A86E}.Release|Any CPU.ActiveCfg = Release|x86
		{4C795E90-D6F2-4361-BC7A-A4052CC5A86E}.Release|x86.ActiveCfg = Release|x86
		{4C795E90-D6F2-4361-BC7A-A4052CC5A86E}.Release|x86.Build.0 = Release|x86
		{2A48D074-999A-4775-848A-B0049EC65F6F}.Debug|Any CPU.ActiveCfg = Debug|x86
		{2A48D074-999A-4775-848A-B0049EC65F6F}.Debug|x86.ActiveCfg = Debug|x86
		{2A48D074-999A-4775-848A-B0049EC65F6F}.Debug|x86.Build.0 = Debug|x86
		{2A48D074-999A-4775-848A-B0049EC65F6F}.Release|Any CPU.ActiveCfg = Release|x86
		{2A48D074-999A-4775-848A-B0049EC65F6F}.Release|x86.ActiveCfg = Release|x86
		{8F7C02FC-641B-494B-9ECA-87E8B6C3BCD8}.Debug|Any CPU.ActiveCfg = Debug|Any CPU
		{8F7C02FC-641B-494B-9ECA-87E8B6C3BCD8}.Debug|Any CPU.Build.0 = Debug|Any CPU
		{8F7C02FC-641B-494B-9ECA-87E8B6C3BCD8}.Debug|x86.ActiveCfg = Debug|x86
		{8F7C02FC-641B-494B-9ECA-87E8B6C3BCD8}.Debug|x86.Build.0 = Debug|x86
		{8F7C02FC-641B-494B-9ECA-87E8B6C3BCD8}.Release|Any CPU.ActiveCfg = Release|Any CPU
		{8F7C02FC-641B-494B-9ECA-87E8B6C3BCD8}.Release|Any CPU.Build.0 = Release|Any CPU
		{8F7C02FC-641B-494B-9ECA-87E8B6C3BCD8}.Release|x86.ActiveCfg = Release|x86
		{8F7C02FC-641B-494B-9ECA-87E8B6C3BCD8}.Release|x86.Build.0 = Release|x86
		{D36B2CB4-049D-4459-9696-54338DB6895C}.Debug|Any CPU.ActiveCfg = Debug|Any CPU
		{D36B2CB4-049D-4459-9696-54338DB6895C}.Debug|Any CPU.Build.0 = Debug|Any CPU
		{D36B2CB4-049D-4459-9696-54338DB6895C}.Debug|x86.ActiveCfg = Debug|x86
		{D36B2CB4-049D-4459-9696-54338DB6895C}.Debug|x86.Build.0 = Debug|x86
		{D36B2CB4-049D-4459-9696-54338DB6895C}.Release|Any CPU.ActiveCfg = Release|Any CPU
		{D36B2CB4-049D-4459-9696-54338DB6895C}.Release|Any CPU.Build.0 = Release|Any CPU
		{D36B2CB4-049D-4459-9696-54338DB6895C}.Release|x86.ActiveCfg = Release|x86
		{D36B2CB4-049D-4459-9696-54338DB6895C}.Release|x86.Build.0 = Release|x86
	EndGlobalSection
	GlobalSection(SolutionProperties) = preSolution
		HideSolutionNode = FALSE
	EndGlobalSection
	GlobalSection(NestedProjects) = preSolution
		{2A48D074-999A-4775-848A-B0049EC65F6F} = {28AA9797-408E-4ED4-A82A-FD36368BF6D5}
		{8F7C02FC-641B-494B-9ECA-87E8B6C3BCD8} = {28AA9797-408E-4ED4-A82A-FD36368BF6D5}
		{D36B2CB4-049D-4459-9696-54338DB6895C} = {28AA9797-408E-4ED4-A82A-FD36368BF6D5}
	EndGlobalSection
EndGlobal
